
Microsoft Visual Studio Solution File, Format Version 12.00
# Visual Studio Version 17
VisualStudioVersion = 17.1.32407.343
MinimumVisualStudioVersion = 10.0.40219.1
Project("{9A19103F-16F7-4668-BE54-9A1E7A4F7556}") = "Ecolinguist", "Ecolinguist\Ecolinguist.csproj", "{FE060393-678F-45E1-B30A-C383BCFC20A6}"
EndProject
Global
	GlobalSection(SolutionConfigurationPlatforms) = preSolution
		Debug|Any CPU = Debug|Any CPU
		Release|Any CPU = Release|Any CPU
	EndGlobalSection
	GlobalSection(ProjectConfigurationPlatforms) = postSolution
		{FE060393-678F-45E1-B30A-C383BCFC20A6}.Debug|Any CPU.ActiveCfg = Debug|Any CPU
		{FE060393-678F-45E1-B30A-C383BCFC20A6}.Debug|Any CPU.Build.0 = Debug|Any CPU
		{FE060393-678F-45E1-B30A-C383BCFC20A6}.Release|Any CPU.ActiveCfg = Release|Any CPU
		{FE060393-678F-45E1-B30A-C383BCFC20A6}.Release|Any CPU.Build.0 = Release|Any CPU
	EndGlobalSection
	GlobalSection(SolutionProperties) = preSolution
		HideSolutionNode = FALSE
	EndGlobalSection
	GlobalSection(ExtensibilityGlobals) = postSolution
		SolutionGuid = {8190AA9C-5C2C-4527-B4D4-8F7C9D9C8F22}
	EndGlobalSection
EndGlobal
